
Microsoft Visual Studio Solution File, Format Version 12.00
# Visual Studio Version 17
VisualStudioVersion = 17.0.31903.59
MinimumVisualStudioVersion = 10.0.40219.1
Project("{2150E333-8FDC-42A3-9474-1A3956D46DE8}") = "src", "src", "{89FEF343-C082-4412-9B62-4D82C759856E}"
EndProject
Project("{FAE04EC0-301F-11D3-BF4B-00C04F79EFBC}") = "AuctionService", "src\AuctionService\AuctionService.csproj", "{3B1CD5B1-4F63-4FA8-B643-8BA7405A011E}"
EndProject
Project("{FAE04EC0-301F-11D3-BF4B-00C04F79EFBC}") = "SearchService", "src\SearchService\SearchService.csproj", "{F39D1AA4-2260-43EA-8F3C-C6090704CB72}"
EndProject
Project("{FAE04EC0-301F-11D3-BF4B-00C04F79EFBC}") = "Contracts", "src\Contracts\Contracts.csproj", "{05100C2F-C40F-45D5-86F6-E349AD3265D5}"
EndProject
Global
	GlobalSection(SolutionConfigurationPlatforms) = preSolution
		Debug|Any CPU = Debug|Any CPU
		Release|Any CPU = Release|Any CPU
	EndGlobalSection
	GlobalSection(SolutionProperties) = preSolution
		HideSolutionNode = FALSE
	EndGlobalSection
	GlobalSection(ProjectConfigurationPlatforms) = postSolution
		{3B1CD5B1-4F63-4FA8-B643-8BA7405A011E}.Debug|Any CPU.ActiveCfg = Debug|Any CPU
		{3B1CD5B1-4F63-4FA8-B643-8BA7405A011E}.Debug|Any CPU.Build.0 = Debug|Any CPU
		{3B1CD5B1-4F63-4FA8-B643-8BA7405A011E}.Release|Any CPU.ActiveCfg = Release|Any CPU
		{3B1CD5B1-4F63-4FA8-B643-8BA7405A011E}.Release|Any CPU.Build.0 = Release|Any CPU
		{F39D1AA4-2260-43EA-8F3C-C6090704CB72}.Debug|Any CPU.ActiveCfg = Debug|Any CPU
		{F39D1AA4-2260-43EA-8F3C-C6090704CB72}.Debug|Any CPU.Build.0 = Debug|Any CPU
		{F39D1AA4-2260-43EA-8F3C-C6090704CB72}.Release|Any CPU.ActiveCfg = Release|Any CPU
		{F39D1AA4-2260-43EA-8F3C-C6090704CB72}.Release|Any CPU.Build.0 = Release|Any CPU
		{05100C2F-C40F-45D5-86F6-E349AD3265D5}.Debug|Any CPU.ActiveCfg = Debug|Any CPU
		{05100C2F-C40F-45D5-86F6-E349AD3265D5}.Debug|Any CPU.Build.0 = Debug|Any CPU
		{05100C2F-C40F-45D5-86F6-E349AD3265D5}.Release|Any CPU.ActiveCfg = Release|Any CPU
		{05100C2F-C40F-45D5-86F6-E349AD3265D5}.Release|Any CPU.Build.0 = Release|Any CPU
	EndGlobalSection
	GlobalSection(NestedProjects) = preSolution
		{3B1CD5B1-4F63-4FA8-B643-8BA7405A011E} = {89FEF343-C082-4412-9B62-4D82C759856E}
		{F39D1AA4-2260-43EA-8F3C-C6090704CB72} = {89FEF343-C082-4412-9B62-4D82C759856E}
		{05100C2F-C40F-45D5-86F6-E349AD3265D5} = {89FEF343-C082-4412-9B62-4D82C759856E}
	EndGlobalSection
EndGlobal
